
Microsoft Visual Studio Solution File, Format Version 12.00
# Visual Studio Version 17
VisualStudioVersion = 17.3.32901.215
MinimumVisualStudioVersion = 10.0.40219.1
Project("{FAE04EC0-301F-11D3-BF4B-00C04F79EFBC}") = "stack", "stack\stack.csproj", "{7552BDE9-631D-4CB7-B5B3-282118A13359}"
EndProject
Global
	GlobalSection(SolutionConfigurationPlatforms) = preSolution
		Debug|Any CPU = Debug|Any CPU
		Release|Any CPU = Release|Any CPU
	EndGlobalSection
	GlobalSection(ProjectConfigurationPlatforms) = postSolution
		{7552BDE9-631D-4CB7-B5B3-282118A13359}.Debug|Any CPU.ActiveCfg = Debug|Any CPU
		{7552BDE9-631D-4CB7-B5B3-282118A13359}.Debug|Any CPU.Build.0 = Debug|Any CPU
		{7552BDE9-631D-4CB7-B5B3-282118A13359}.Release|Any CPU.ActiveCfg = Release|Any CPU
		{7552BDE9-631D-4CB7-B5B3-282118A13359}.Release|Any CPU.Build.0 = Release|Any CPU
	EndGlobalSection
	GlobalSection(SolutionProperties) = preSolution
		HideSolutionNode = FALSE
	EndGlobalSection
	GlobalSection(ExtensibilityGlobals) = postSolution
		SolutionGuid = {A7F7A352-E915-45F8-A810-3B86BD63E96C}
	EndGlobalSection
EndGlobal
